
Microsoft Visual Studio Solution File, Format Version 12.00
# Visual Studio Version 16
VisualStudioVersion = 16.0.29609.76
MinimumVisualStudioVersion = 10.0.40219.1
Project("{9A19103F-16F7-4668-BE54-9A1E7A4F7556}") = "TauCode.Mq", "src\TauCode.Mq\TauCode.Mq.csproj", "{9A046AB7-AA65-48D4-85FD-48124F9A9D5F}"
EndProject
Project("{2150E333-8FDC-42A3-9474-1A3956D46DE8}") = "src", "src", "{709CF0D4-DBFE-46E7-B797-09B67BF95F87}"
EndProject
Project("{2150E333-8FDC-42A3-9474-1A3956D46DE8}") = "tests", "tests", "{585AC245-8B6E-4F5E-8EEF-D4125EF88880}"
EndProject
Project("{9A19103F-16F7-4668-BE54-9A1E7A4F7556}") = "TauCode.Mq.Tests", "tests\TauCode.Mq.Tests\TauCode.Mq.Tests.csproj", "{2D47096F-A671-4C71-8D95-8E78AE2CBD10}"
EndProject
Project("{FAE04EC0-301F-11D3-BF4B-00C04F79EFBC}") = "TauCode.Mq.EasyNetQ", "src\TauCode.Mq.EasyNetQ\TauCode.Mq.EasyNetQ.csproj", "{01044307-8CA4-4CA7-B14F-34AAC46D26F9}"
EndProject
Project("{FAE04EC0-301F-11D3-BF4B-00C04F79EFBC}") = "TauCode.Mq.EasyNetQ.Tests", "tests\TauCode.Mq.EasyNetQ.Tests\TauCode.Mq.EasyNetQ.Tests.csproj", "{52306468-C38D-4AAB-8C3A-5AC0728AAFEB}"
EndProject
Project("{2150E333-8FDC-42A3-9474-1A3956D46DE8}") = "nuget", "nuget", "{3D7345E7-A59D-409F-8649-927EF2AD9794}"
	ProjectSection(SolutionItems) = preProject
		nuget\TauCode.Mq.EasyNetQ.nuspec = nuget\TauCode.Mq.EasyNetQ.nuspec
		nuget\TauCode.Mq.nuspec = nuget\TauCode.Mq.nuspec
	EndProjectSection
EndProject
Global
	GlobalSection(SolutionConfigurationPlatforms) = preSolution
		Debug|Any CPU = Debug|Any CPU
		Release|Any CPU = Release|Any CPU
	EndGlobalSection
	GlobalSection(ProjectConfigurationPlatforms) = postSolution
		{9A046AB7-AA65-48D4-85FD-48124F9A9D5F}.Debug|Any CPU.ActiveCfg = Debug|Any CPU
		{9A046AB7-AA65-48D4-85FD-48124F9A9D5F}.Debug|Any CPU.Build.0 = Debug|Any CPU
		{9A046AB7-AA65-48D4-85FD-48124F9A9D5F}.Release|Any CPU.ActiveCfg = Release|Any CPU
		{9A046AB7-AA65-48D4-85FD-48124F9A9D5F}.Release|Any CPU.Build.0 = Release|Any CPU
		{2D47096F-A671-4C71-8D95-8E78AE2CBD10}.Debug|Any CPU.ActiveCfg = Debug|Any CPU
		{2D47096F-A671-4C71-8D95-8E78AE2CBD10}.Debug|Any CPU.Build.0 = Debug|Any CPU
		{2D47096F-A671-4C71-8D95-8E78AE2CBD10}.Release|Any CPU.ActiveCfg = Release|Any CPU
		{2D47096F-A671-4C71-8D95-8E78AE2CBD10}.Release|Any CPU.Build.0 = Release|Any CPU
		{01044307-8CA4-4CA7-B14F-34AAC46D26F9}.Debug|Any CPU.ActiveCfg = Debug|Any CPU
		{01044307-8CA4-4CA7-B14F-34AAC46D26F9}.Debug|Any CPU.Build.0 = Debug|Any CPU
		{01044307-8CA4-4CA7-B14F-34AAC46D26F9}.Release|Any CPU.ActiveCfg = Release|Any CPU
		{01044307-8CA4-4CA7-B14F-34AAC46D26F9}.Release|Any CPU.Build.0 = Release|Any CPU
		{52306468-C38D-4AAB-8C3A-5AC0728AAFEB}.Debug|Any CPU.ActiveCfg = Debug|Any CPU
		{52306468-C38D-4AAB-8C3A-5AC0728AAFEB}.Debug|Any CPU.Build.0 = Debug|Any CPU
		{52306468-C38D-4AAB-8C3A-5AC0728AAFEB}.Release|Any CPU.ActiveCfg = Release|Any CPU
		{52306468-C38D-4AAB-8C3A-5AC0728AAFEB}.Release|Any CPU.Build.0 = Release|Any CPU
	EndGlobalSection
	GlobalSection(SolutionProperties) = preSolution
		HideSolutionNode = FALSE
	EndGlobalSection
	GlobalSection(NestedProjects) = preSolution
		{9A046AB7-AA65-48D4-85FD-48124F9A9D5F} = {709CF0D4-DBFE-46E7-B797-09B67BF95F87}
		{2D47096F-A671-4C71-8D95-8E78AE2CBD10} = {585AC245-8B6E-4F5E-8EEF-D4125EF88880}
		{01044307-8CA4-4CA7-B14F-34AAC46D26F9} = {709CF0D4-DBFE-46E7-B797-09B67BF95F87}
		{52306468-C38D-4AAB-8C3A-5AC0728AAFEB} = {585AC245-8B6E-4F5E-8EEF-D4125EF88880}
	EndGlobalSection
	GlobalSection(ExtensibilityGlobals) = postSolution
		SolutionGuid = {CA6859C8-B1CF-4CDF-A5FE-24E4FF8F85B8}
	EndGlobalSection
EndGlobal
