
Microsoft Visual Studio Solution File, Format Version 12.00
# Visual Studio Version 16
VisualStudioVersion = 16.0.29609.76
MinimumVisualStudioVersion = 10.0.40219.1
Project("{9A19103F-16F7-4668-BE54-9A1E7A4F7556}") = "TauCode.Mq", "src\TauCode.Mq\TauCode.Mq.csproj", "{9A046AB7-AA65-48D4-85FD-48124F9A9D5F}"
EndProject
Project("{2150E333-8FDC-42A3-9474-1A3956D46DE8}") = "src", "src", "{709CF0D4-DBFE-46E7-B797-09B67BF95F87}"
EndProject
Project("{2150E333-8FDC-42A3-9474-1A3956D46DE8}") = "tests", "tests", "{585AC245-8B6E-4F5E-8EEF-D4125EF88880}"
EndProject
Project("{9A19103F-16F7-4668-BE54-9A1E7A4F7556}") = "TauCode.Mq.Tests", "tests\TauCode.Mq.Tests\TauCode.Mq.Tests.csproj", "{2D47096F-A671-4C71-8D95-8E78AE2CBD10}"
EndProject
Project("{2150E333-8FDC-42A3-9474-1A3956D46DE8}") = "nuget", "nuget", "{3D7345E7-A59D-409F-8649-927EF2AD9794}"
	ProjectSection(SolutionItems) = preProject
		nuget\TauCode.Mq.nuspec = nuget\TauCode.Mq.nuspec
	EndProjectSection
EndProject
Project("{2150E333-8FDC-42A3-9474-1A3956D46DE8}") = "misc", "misc", "{86DFAC41-2BA0-4A11-85D1-12712E3BB72C}"
	ProjectSection(SolutionItems) = preProject
		misc\changelog.txt = misc\changelog.txt
		misc\todo.txt = misc\todo.txt
	EndProjectSection
EndProject
Project("{2150E333-8FDC-42A3-9474-1A3956D46DE8}") = "taucode", "taucode", "{507DC030-C670-4AA5-A425-2BA80717BE14}"
EndProject
Project("{9A19103F-16F7-4668-BE54-9A1E7A4F7556}") = "TauCode.Working.Lab", "taucode\TauCode.Working.Lab\TauCode.Working.Lab.csproj", "{FCA3471E-70CC-4223-B71C-45CACFA0ED89}"
EndProject
Project("{9A19103F-16F7-4668-BE54-9A1E7A4F7556}") = "TauCode.Working.Lab.Tests.All", "tests\TauCode.Working.Lab.Tests.All\TauCode.Working.Lab.Tests.All.csproj", "{4F484CAC-05A4-4784-B27C-B25D9612CCB7}"
EndProject
Project("{9A19103F-16F7-4668-BE54-9A1E7A4F7556}") = "TauCode.Working.Lab.Tests.Server", "tests\TauCode.Working.Lab.Tests.Server\TauCode.Working.Lab.Tests.Server.csproj", "{4DFFCAC2-A897-4583-B397-DBA3AE96919E}"
EndProject
Project("{9A19103F-16F7-4668-BE54-9A1E7A4F7556}") = "TauCode.Working.Lab.Tests.Client", "tests\TauCode.Working.Lab.Tests.Client\TauCode.Working.Lab.Tests.Client.csproj", "{674BC5A5-B3DE-4AC0-A1D4-4B0B07C2A200}"
EndProject
Project("{9A19103F-16F7-4668-BE54-9A1E7A4F7556}") = "TauCode.Mq.Lab", "taucode\TauCode.Mq.Lab\TauCode.Mq.Lab.csproj", "{9AA062E4-3E87-4070-AAEA-403F9CE54323}"
EndProject
Project("{9A19103F-16F7-4668-BE54-9A1E7A4F7556}") = "TauCode.Mq.EasyNetQ.Lab", "taucode\TauCode.Mq.EasyNetQ.Lab\TauCode.Mq.EasyNetQ.Lab.csproj", "{2DCD116E-E40C-4E51-BE6B-F1377936813D}"
EndProject
Project("{FAE04EC0-301F-11D3-BF4B-00C04F79EFBC}") = "TauCode.Mq.EasyNetQ.Demo.All", "tests\TauCode.Mq.EasyNetQ.Demo.All\TauCode.Mq.EasyNetQ.Demo.All.csproj", "{B57EA822-AE64-4925-8F5C-1077C437CB9E}"
EndProject
Project("{FAE04EC0-301F-11D3-BF4B-00C04F79EFBC}") = "TauCode.Mq.EasyNetQ.Demo.Transceiver", "tests\TauCode.Mq.EasyNetQ.Demo.Transceiver\TauCode.Mq.EasyNetQ.Demo.Transceiver.csproj", "{4D07F02F-D6BF-4CF3-B523-26F835C07A5E}"
EndProject
Global
	GlobalSection(SolutionConfigurationPlatforms) = preSolution
		Debug|Any CPU = Debug|Any CPU
		Release|Any CPU = Release|Any CPU
	EndGlobalSection
	GlobalSection(ProjectConfigurationPlatforms) = postSolution
		{9A046AB7-AA65-48D4-85FD-48124F9A9D5F}.Debug|Any CPU.ActiveCfg = Debug|Any CPU
		{9A046AB7-AA65-48D4-85FD-48124F9A9D5F}.Debug|Any CPU.Build.0 = Debug|Any CPU
		{9A046AB7-AA65-48D4-85FD-48124F9A9D5F}.Release|Any CPU.ActiveCfg = Release|Any CPU
		{9A046AB7-AA65-48D4-85FD-48124F9A9D5F}.Release|Any CPU.Build.0 = Release|Any CPU
		{2D47096F-A671-4C71-8D95-8E78AE2CBD10}.Debug|Any CPU.ActiveCfg = Debug|Any CPU
		{2D47096F-A671-4C71-8D95-8E78AE2CBD10}.Debug|Any CPU.Build.0 = Debug|Any CPU
		{2D47096F-A671-4C71-8D95-8E78AE2CBD10}.Release|Any CPU.ActiveCfg = Release|Any CPU
		{2D47096F-A671-4C71-8D95-8E78AE2CBD10}.Release|Any CPU.Build.0 = Release|Any CPU
		{FCA3471E-70CC-4223-B71C-45CACFA0ED89}.Debug|Any CPU.ActiveCfg = Debug|Any CPU
		{FCA3471E-70CC-4223-B71C-45CACFA0ED89}.Debug|Any CPU.Build.0 = Debug|Any CPU
		{FCA3471E-70CC-4223-B71C-45CACFA0ED89}.Release|Any CPU.ActiveCfg = Release|Any CPU
		{FCA3471E-70CC-4223-B71C-45CACFA0ED89}.Release|Any CPU.Build.0 = Release|Any CPU
		{4F484CAC-05A4-4784-B27C-B25D9612CCB7}.Debug|Any CPU.ActiveCfg = Debug|Any CPU
		{4F484CAC-05A4-4784-B27C-B25D9612CCB7}.Debug|Any CPU.Build.0 = Debug|Any CPU
		{4F484CAC-05A4-4784-B27C-B25D9612CCB7}.Release|Any CPU.ActiveCfg = Release|Any CPU
		{4F484CAC-05A4-4784-B27C-B25D9612CCB7}.Release|Any CPU.Build.0 = Release|Any CPU
		{4DFFCAC2-A897-4583-B397-DBA3AE96919E}.Debug|Any CPU.ActiveCfg = Debug|Any CPU
		{4DFFCAC2-A897-4583-B397-DBA3AE96919E}.Debug|Any CPU.Build.0 = Debug|Any CPU
		{4DFFCAC2-A897-4583-B397-DBA3AE96919E}.Release|Any CPU.ActiveCfg = Release|Any CPU
		{4DFFCAC2-A897-4583-B397-DBA3AE96919E}.Release|Any CPU.Build.0 = Release|Any CPU
		{674BC5A5-B3DE-4AC0-A1D4-4B0B07C2A200}.Debug|Any CPU.ActiveCfg = Debug|Any CPU
		{674BC5A5-B3DE-4AC0-A1D4-4B0B07C2A200}.Debug|Any CPU.Build.0 = Debug|Any CPU
		{674BC5A5-B3DE-4AC0-A1D4-4B0B07C2A200}.Release|Any CPU.ActiveCfg = Release|Any CPU
		{674BC5A5-B3DE-4AC0-A1D4-4B0B07C2A200}.Release|Any CPU.Build.0 = Release|Any CPU
		{9AA062E4-3E87-4070-AAEA-403F9CE54323}.Debug|Any CPU.ActiveCfg = Debug|Any CPU
		{9AA062E4-3E87-4070-AAEA-403F9CE54323}.Debug|Any CPU.Build.0 = Debug|Any CPU
		{9AA062E4-3E87-4070-AAEA-403F9CE54323}.Release|Any CPU.ActiveCfg = Release|Any CPU
		{9AA062E4-3E87-4070-AAEA-403F9CE54323}.Release|Any CPU.Build.0 = Release|Any CPU
		{2DCD116E-E40C-4E51-BE6B-F1377936813D}.Debug|Any CPU.ActiveCfg = Debug|Any CPU
		{2DCD116E-E40C-4E51-BE6B-F1377936813D}.Debug|Any CPU.Build.0 = Debug|Any CPU
		{2DCD116E-E40C-4E51-BE6B-F1377936813D}.Release|Any CPU.ActiveCfg = Release|Any CPU
		{2DCD116E-E40C-4E51-BE6B-F1377936813D}.Release|Any CPU.Build.0 = Release|Any CPU
		{B57EA822-AE64-4925-8F5C-1077C437CB9E}.Debug|Any CPU.ActiveCfg = Debug|Any CPU
		{B57EA822-AE64-4925-8F5C-1077C437CB9E}.Debug|Any CPU.Build.0 = Debug|Any CPU
		{B57EA822-AE64-4925-8F5C-1077C437CB9E}.Release|Any CPU.ActiveCfg = Release|Any CPU
		{B57EA822-AE64-4925-8F5C-1077C437CB9E}.Release|Any CPU.Build.0 = Release|Any CPU
		{4D07F02F-D6BF-4CF3-B523-26F835C07A5E}.Debug|Any CPU.ActiveCfg = Debug|Any CPU
		{4D07F02F-D6BF-4CF3-B523-26F835C07A5E}.Debug|Any CPU.Build.0 = Debug|Any CPU
		{4D07F02F-D6BF-4CF3-B523-26F835C07A5E}.Release|Any CPU.ActiveCfg = Release|Any CPU
		{4D07F02F-D6BF-4CF3-B523-26F835C07A5E}.Release|Any CPU.Build.0 = Release|Any CPU
	EndGlobalSection
	GlobalSection(SolutionProperties) = preSolution
		HideSolutionNode = FALSE
	EndGlobalSection
	GlobalSection(NestedProjects) = preSolution
		{9A046AB7-AA65-48D4-85FD-48124F9A9D5F} = {709CF0D4-DBFE-46E7-B797-09B67BF95F87}
		{2D47096F-A671-4C71-8D95-8E78AE2CBD10} = {585AC245-8B6E-4F5E-8EEF-D4125EF88880}
		{FCA3471E-70CC-4223-B71C-45CACFA0ED89} = {507DC030-C670-4AA5-A425-2BA80717BE14}
		{4F484CAC-05A4-4784-B27C-B25D9612CCB7} = {585AC245-8B6E-4F5E-8EEF-D4125EF88880}
		{4DFFCAC2-A897-4583-B397-DBA3AE96919E} = {585AC245-8B6E-4F5E-8EEF-D4125EF88880}
		{674BC5A5-B3DE-4AC0-A1D4-4B0B07C2A200} = {585AC245-8B6E-4F5E-8EEF-D4125EF88880}
		{9AA062E4-3E87-4070-AAEA-403F9CE54323} = {507DC030-C670-4AA5-A425-2BA80717BE14}
		{2DCD116E-E40C-4E51-BE6B-F1377936813D} = {507DC030-C670-4AA5-A425-2BA80717BE14}
		{B57EA822-AE64-4925-8F5C-1077C437CB9E} = {585AC245-8B6E-4F5E-8EEF-D4125EF88880}
		{4D07F02F-D6BF-4CF3-B523-26F835C07A5E} = {585AC245-8B6E-4F5E-8EEF-D4125EF88880}
	EndGlobalSection
	GlobalSection(ExtensibilityGlobals) = postSolution
		SolutionGuid = {CA6859C8-B1CF-4CDF-A5FE-24E4FF8F85B8}
	EndGlobalSection
EndGlobal
