
Microsoft Visual Studio Solution File, Format Version 12.00
# Visual Studio Version 16
VisualStudioVersion = 16.0.29609.76
MinimumVisualStudioVersion = 10.0.40219.1
Project("{2150E333-8FDC-42A3-9474-1A3956D46DE8}") = "src", "src", "{709CF0D4-DBFE-46E7-B797-09B67BF95F87}"
EndProject
Project("{2150E333-8FDC-42A3-9474-1A3956D46DE8}") = "test", "test", "{585AC245-8B6E-4F5E-8EEF-D4125EF88880}"
EndProject
Project("{2150E333-8FDC-42A3-9474-1A3956D46DE8}") = "nuget", "nuget", "{3D7345E7-A59D-409F-8649-927EF2AD9794}"
	ProjectSection(SolutionItems) = preProject
		nuget\TauCode.Mq.nuspec = nuget\TauCode.Mq.nuspec
	EndProjectSection
EndProject
Project("{2150E333-8FDC-42A3-9474-1A3956D46DE8}") = "misc", "misc", "{86DFAC41-2BA0-4A11-85D1-12712E3BB72C}"
	ProjectSection(SolutionItems) = preProject
		misc\changelog.txt = misc\changelog.txt
		misc\todo.txt = misc\todo.txt
	EndProjectSection
EndProject
Project("{9A19103F-16F7-4668-BE54-9A1E7A4F7556}") = "TauCode.Mq", "src\TauCode.Mq\TauCode.Mq.csproj", "{521CB16C-43BC-427F-9F61-408D7E29C5D0}"
EndProject
Project("{2150E333-8FDC-42A3-9474-1A3956D46DE8}") = "build", "build", "{575966E8-F650-4A14-BC15-F391CE11DB66}"
	ProjectSection(SolutionItems) = preProject
		build\azure-pipelines-dev.yml = build\azure-pipelines-dev.yml
		build\azure-pipelines.yml = build\azure-pipelines.yml
	EndProjectSection
EndProject
Project("{2150E333-8FDC-42A3-9474-1A3956D46DE8}") = "src-lab", "src-lab", "{C711B79E-1848-4773-A83C-55B1F6F799A9}"
EndProject
Project("{2150E333-8FDC-42A3-9474-1A3956D46DE8}") = "test-lab", "test-lab", "{40C8B04B-67A8-4544-AA62-0D660D3DADCC}"
EndProject
Project("{2150E333-8FDC-42A3-9474-1A3956D46DE8}") = "test-zoo", "test-zoo", "{150858B5-9A89-4915-B937-98951239B21D}"
EndProject
Project("{9A19103F-16F7-4668-BE54-9A1E7A4F7556}") = "TauCode.Mq.Zoo.UsersApp", "test-zoo\TauCode.Mq.Zoo.UsersApp\TauCode.Mq.Zoo.UsersApp.csproj", "{1B46002B-BF6C-4F95-A920-760684F65B4E}"
EndProject
Project("{9A19103F-16F7-4668-BE54-9A1E7A4F7556}") = "TauCode.Mq.Zoo.Mailer", "test-zoo\TauCode.Mq.Zoo.Mailer\TauCode.Mq.Zoo.Mailer.csproj", "{88B7D9DC-9E6A-42A9-901C-E143CCB6B6B9}"
EndProject
Project("{9A19103F-16F7-4668-BE54-9A1E7A4F7556}") = "TauCode.Mq.Zoo", "test-zoo\TauCode.Mq.Zoo\TauCode.Mq.Zoo.csproj", "{E4238944-F7B6-4C8A-A4AD-61EAAE428DC5}"
EndProject
Project("{9A19103F-16F7-4668-BE54-9A1E7A4F7556}") = "TauCode.Lab.Mq.Autofac", "src-lab\TauCode.Lab.Mq.Autofac\TauCode.Lab.Mq.Autofac.csproj", "{98C6673E-38A5-4B72-8FA1-47339420C3D0}"
EndProject
Project("{9A19103F-16F7-4668-BE54-9A1E7A4F7556}") = "TauCode.Lab.Mq.NHibernate", "src-lab\TauCode.Lab.Mq.NHibernate\TauCode.Lab.Mq.NHibernate.csproj", "{229313A4-C771-40AD-9EA6-7A41AFB99FE6}"
EndProject
Project("{9A19103F-16F7-4668-BE54-9A1E7A4F7556}") = "TauCode.Lab.Mq.Testing", "src-lab\TauCode.Lab.Mq.Testing\TauCode.Lab.Mq.Testing.csproj", "{FC995C71-270A-413B-873E-BC2BFB2C38EF}"
EndProject
Project("{9A19103F-16F7-4668-BE54-9A1E7A4F7556}") = "TauCode.Mq.Tests", "test\TauCode.Mq.Tests\TauCode.Mq.Tests.csproj", "{F08E182B-CF8D-4039-8A82-4F3FE60558D4}"
EndProject
Project("{9A19103F-16F7-4668-BE54-9A1E7A4F7556}") = "TauCode.Lab.Mq.Testing.Tests", "test-lab\TauCode.Lab.Mq.Testing.Tests\TauCode.Lab.Mq.Testing.Tests.csproj", "{65AD1EBC-0B2A-49AC-8D87-29851E452732}"
EndProject
Project("{9A19103F-16F7-4668-BE54-9A1E7A4F7556}") = "TauCode.Mq.Zoo.XenaConsole", "test-zoo\TauCode.Mq.Zoo.XenaConsole\TauCode.Mq.Zoo.XenaConsole.csproj", "{303E8A07-7F8C-4DA5-8F86-7C126F9F5003}"
EndProject
Global
	GlobalSection(SolutionConfigurationPlatforms) = preSolution
		Debug|Any CPU = Debug|Any CPU
		Release|Any CPU = Release|Any CPU
	EndGlobalSection
	GlobalSection(ProjectConfigurationPlatforms) = postSolution
		{521CB16C-43BC-427F-9F61-408D7E29C5D0}.Debug|Any CPU.ActiveCfg = Debug|Any CPU
		{521CB16C-43BC-427F-9F61-408D7E29C5D0}.Debug|Any CPU.Build.0 = Debug|Any CPU
		{521CB16C-43BC-427F-9F61-408D7E29C5D0}.Release|Any CPU.ActiveCfg = Release|Any CPU
		{521CB16C-43BC-427F-9F61-408D7E29C5D0}.Release|Any CPU.Build.0 = Release|Any CPU
		{1B46002B-BF6C-4F95-A920-760684F65B4E}.Debug|Any CPU.ActiveCfg = Debug|Any CPU
		{1B46002B-BF6C-4F95-A920-760684F65B4E}.Debug|Any CPU.Build.0 = Debug|Any CPU
		{1B46002B-BF6C-4F95-A920-760684F65B4E}.Release|Any CPU.ActiveCfg = Release|Any CPU
		{1B46002B-BF6C-4F95-A920-760684F65B4E}.Release|Any CPU.Build.0 = Release|Any CPU
		{88B7D9DC-9E6A-42A9-901C-E143CCB6B6B9}.Debug|Any CPU.ActiveCfg = Debug|Any CPU
		{88B7D9DC-9E6A-42A9-901C-E143CCB6B6B9}.Debug|Any CPU.Build.0 = Debug|Any CPU
		{88B7D9DC-9E6A-42A9-901C-E143CCB6B6B9}.Release|Any CPU.ActiveCfg = Release|Any CPU
		{88B7D9DC-9E6A-42A9-901C-E143CCB6B6B9}.Release|Any CPU.Build.0 = Release|Any CPU
		{E4238944-F7B6-4C8A-A4AD-61EAAE428DC5}.Debug|Any CPU.ActiveCfg = Debug|Any CPU
		{E4238944-F7B6-4C8A-A4AD-61EAAE428DC5}.Debug|Any CPU.Build.0 = Debug|Any CPU
		{E4238944-F7B6-4C8A-A4AD-61EAAE428DC5}.Release|Any CPU.ActiveCfg = Release|Any CPU
		{E4238944-F7B6-4C8A-A4AD-61EAAE428DC5}.Release|Any CPU.Build.0 = Release|Any CPU
		{98C6673E-38A5-4B72-8FA1-47339420C3D0}.Debug|Any CPU.ActiveCfg = Debug|Any CPU
		{98C6673E-38A5-4B72-8FA1-47339420C3D0}.Debug|Any CPU.Build.0 = Debug|Any CPU
		{98C6673E-38A5-4B72-8FA1-47339420C3D0}.Release|Any CPU.ActiveCfg = Release|Any CPU
		{98C6673E-38A5-4B72-8FA1-47339420C3D0}.Release|Any CPU.Build.0 = Release|Any CPU
		{229313A4-C771-40AD-9EA6-7A41AFB99FE6}.Debug|Any CPU.ActiveCfg = Debug|Any CPU
		{229313A4-C771-40AD-9EA6-7A41AFB99FE6}.Debug|Any CPU.Build.0 = Debug|Any CPU
		{229313A4-C771-40AD-9EA6-7A41AFB99FE6}.Release|Any CPU.ActiveCfg = Release|Any CPU
		{229313A4-C771-40AD-9EA6-7A41AFB99FE6}.Release|Any CPU.Build.0 = Release|Any CPU
		{FC995C71-270A-413B-873E-BC2BFB2C38EF}.Debug|Any CPU.ActiveCfg = Debug|Any CPU
		{FC995C71-270A-413B-873E-BC2BFB2C38EF}.Debug|Any CPU.Build.0 = Debug|Any CPU
		{FC995C71-270A-413B-873E-BC2BFB2C38EF}.Release|Any CPU.ActiveCfg = Release|Any CPU
		{FC995C71-270A-413B-873E-BC2BFB2C38EF}.Release|Any CPU.Build.0 = Release|Any CPU
		{F08E182B-CF8D-4039-8A82-4F3FE60558D4}.Debug|Any CPU.ActiveCfg = Debug|Any CPU
		{F08E182B-CF8D-4039-8A82-4F3FE60558D4}.Debug|Any CPU.Build.0 = Debug|Any CPU
		{F08E182B-CF8D-4039-8A82-4F3FE60558D4}.Release|Any CPU.ActiveCfg = Release|Any CPU
		{F08E182B-CF8D-4039-8A82-4F3FE60558D4}.Release|Any CPU.Build.0 = Release|Any CPU
		{65AD1EBC-0B2A-49AC-8D87-29851E452732}.Debug|Any CPU.ActiveCfg = Debug|Any CPU
		{65AD1EBC-0B2A-49AC-8D87-29851E452732}.Debug|Any CPU.Build.0 = Debug|Any CPU
		{65AD1EBC-0B2A-49AC-8D87-29851E452732}.Release|Any CPU.ActiveCfg = Release|Any CPU
		{65AD1EBC-0B2A-49AC-8D87-29851E452732}.Release|Any CPU.Build.0 = Release|Any CPU
		{303E8A07-7F8C-4DA5-8F86-7C126F9F5003}.Debug|Any CPU.ActiveCfg = Debug|Any CPU
		{303E8A07-7F8C-4DA5-8F86-7C126F9F5003}.Debug|Any CPU.Build.0 = Debug|Any CPU
		{303E8A07-7F8C-4DA5-8F86-7C126F9F5003}.Release|Any CPU.ActiveCfg = Release|Any CPU
		{303E8A07-7F8C-4DA5-8F86-7C126F9F5003}.Release|Any CPU.Build.0 = Release|Any CPU
	EndGlobalSection
	GlobalSection(SolutionProperties) = preSolution
		HideSolutionNode = FALSE
	EndGlobalSection
	GlobalSection(NestedProjects) = preSolution
		{521CB16C-43BC-427F-9F61-408D7E29C5D0} = {709CF0D4-DBFE-46E7-B797-09B67BF95F87}
		{1B46002B-BF6C-4F95-A920-760684F65B4E} = {150858B5-9A89-4915-B937-98951239B21D}
		{88B7D9DC-9E6A-42A9-901C-E143CCB6B6B9} = {150858B5-9A89-4915-B937-98951239B21D}
		{E4238944-F7B6-4C8A-A4AD-61EAAE428DC5} = {150858B5-9A89-4915-B937-98951239B21D}
		{98C6673E-38A5-4B72-8FA1-47339420C3D0} = {C711B79E-1848-4773-A83C-55B1F6F799A9}
		{229313A4-C771-40AD-9EA6-7A41AFB99FE6} = {C711B79E-1848-4773-A83C-55B1F6F799A9}
		{FC995C71-270A-413B-873E-BC2BFB2C38EF} = {C711B79E-1848-4773-A83C-55B1F6F799A9}
		{F08E182B-CF8D-4039-8A82-4F3FE60558D4} = {585AC245-8B6E-4F5E-8EEF-D4125EF88880}
		{65AD1EBC-0B2A-49AC-8D87-29851E452732} = {40C8B04B-67A8-4544-AA62-0D660D3DADCC}
		{303E8A07-7F8C-4DA5-8F86-7C126F9F5003} = {150858B5-9A89-4915-B937-98951239B21D}
	EndGlobalSection
	GlobalSection(ExtensibilityGlobals) = postSolution
		SolutionGuid = {CA6859C8-B1CF-4CDF-A5FE-24E4FF8F85B8}
	EndGlobalSection
EndGlobal
